# THIS IS AN AUTOGENERATED FILE. DO NOT EDIT THIS FILE DIRECTLY.
# yarn lockfile v1


csscolorparser@^1.0.3:
  version "1.0.3"
  resolved "https://registry.yarnpkg.com/csscolorparser/-/csscolorparser-1.0.3.tgz#b34f391eea4da8f3e98231e2ccd8df9c041f171b"
  integrity sha1-s085HupNqPPpgjHizNjfnAQfFxs=

sywac@^1.2.2:
  version "1.2.2"
  resolved "https://registry.yarnpkg.com/sywac/-/sywac-1.2.2.tgz#8d9e7271fc11337de09a38e70b71a264cb74caf0"
  integrity sha512-Bfyo0Oddco9b/ifXTevNmMCewmWH2EeE06cPKolsahly7nShbYooZmJYZxJc5EN4WFAXvbR8WOx97PUvaYYMEg==
